
Microsoft Visual Studio Solution File, Format Version 12.00
# Visual Studio Version 17
VisualStudioVersion = 17.3.32929.385
MinimumVisualStudioVersion = 10.0.40219.1
Project("{9A19103F-16F7-4668-BE54-9A1E7A4F7556}") = "CodeChallenge01", "CodeChallenge01\CodeChallenge01.csproj", "{B69D25A4-3983-4A30-8086-27BC7F520CD7}"
EndProject
Project("{9A19103F-16F7-4668-BE54-9A1E7A4F7556}") = "CodeChallenge02", "..\CodeChallenge02\CodeChallenge02\CodeChallenge02.csproj", "{76A8EA52-DAFA-4F8A-AB8F-01E94CB7E806}"
EndProject
Project("{FAE04EC0-301F-11D3-BF4B-00C04F79EFBC}") = "CodeChallenge03", "..\CodeChallenge03\CodeChallenge03.csproj", "{EA3A7C5F-0B59-45AB-9CF4-ADD5FD036713}"
EndProject
Global
	GlobalSection(SolutionConfigurationPlatforms) = preSolution
		Debug|Any CPU = Debug|Any CPU
		Release|Any CPU = Release|Any CPU
	EndGlobalSection
	GlobalSection(ProjectConfigurationPlatforms) = postSolution
		{B69D25A4-3983-4A30-8086-27BC7F520CD7}.Debug|Any CPU.ActiveCfg = Debug|Any CPU
		{B69D25A4-3983-4A30-8086-27BC7F520CD7}.Debug|Any CPU.Build.0 = Debug|Any CPU
		{B69D25A4-3983-4A30-8086-27BC7F520CD7}.Release|Any CPU.ActiveCfg = Release|Any CPU
		{B69D25A4-3983-4A30-8086-27BC7F520CD7}.Release|Any CPU.Build.0 = Release|Any CPU
		{76A8EA52-DAFA-4F8A-AB8F-01E94CB7E806}.Debug|Any CPU.ActiveCfg = Debug|Any CPU
		{76A8EA52-DAFA-4F8A-AB8F-01E94CB7E806}.Debug|Any CPU.Build.0 = Debug|Any CPU
		{76A8EA52-DAFA-4F8A-AB8F-01E94CB7E806}.Release|Any CPU.ActiveCfg = Release|Any CPU
		{76A8EA52-DAFA-4F8A-AB8F-01E94CB7E806}.Release|Any CPU.Build.0 = Release|Any CPU
		{EA3A7C5F-0B59-45AB-9CF4-ADD5FD036713}.Debug|Any CPU.ActiveCfg = Debug|Any CPU
		{EA3A7C5F-0B59-45AB-9CF4-ADD5FD036713}.Debug|Any CPU.Build.0 = Debug|Any CPU
		{EA3A7C5F-0B59-45AB-9CF4-ADD5FD036713}.Release|Any CPU.ActiveCfg = Release|Any CPU
		{EA3A7C5F-0B59-45AB-9CF4-ADD5FD036713}.Release|Any CPU.Build.0 = Release|Any CPU
	EndGlobalSection
	GlobalSection(SolutionProperties) = preSolution
		HideSolutionNode = FALSE
	EndGlobalSection
	GlobalSection(ExtensibilityGlobals) = postSolution
		SolutionGuid = {D8C2E932-CA4B-4E39-815C-5307C30476DB}
	EndGlobalSection
EndGlobal
